// !$*UTF8*$!
{
	archiveVersion = 1;
	classes = {
	};
	objectVersion = 46;
	objects = {

/* Begin PBXBuildFile section */
		B0442A0F1AB708B800C37129 /* Languages.swift in Sources */ = {isa = PBXBuildFile; fileRef = B0442A0E1AB708B800C37129 /* Languages.swift */; };
		B0553D881ACC49C500A64D07 /* file-two-7.png in Resources */ = {isa = PBXBuildFile; fileRef = B0553D871ACC49C500A64D07 /* file-two-7.png */; };
		B0553D8A1ACC49D300A64D07 /* allLanguages.png in Resources */ = {isa = PBXBuildFile; fileRef = B0553D891ACC49D300A64D07 /* allLanguages.png */; };
		B0553D8C1ACC4A5600A64D07 /* Images.xcassets in Resources */ = {isa = PBXBuildFile; fileRef = B0553D8B1ACC4A5600A64D07 /* Images.xcassets */; };
		B07972CC1AD446B0004A5E64 /* getSyntax Icon.png in Resources */ = {isa = PBXBuildFile; fileRef = B07972CB1AD446B0004A5E64 /* getSyntax Icon.png */; };
		B0A21B1D1AC2EFBD0069219D /* Language.swift in Sources */ = {isa = PBXBuildFile; fileRef = B0A21B1C1AC2EFBD0069219D /* Language.swift */; };
		B0A21B1F1AC2F02B0069219D /* Statement.swift in Sources */ = {isa = PBXBuildFile; fileRef = B0A21B1E1AC2F02B0069219D /* Statement.swift */; };
		B0D4ECE41AB1F2C5009CAA77 /* AppDelegate.swift in Sources */ = {isa = PBXBuildFile; fileRef = B0D4ECE31AB1F2C5009CAA77 /* AppDelegate.swift */; };
		B0D4ECE91AB1F2C5009CAA77 /* Main.storyboard in Resources */ = {isa = PBXBuildFile; fileRef = B0D4ECE71AB1F2C5009CAA77 /* Main.storyboard */; };
		B0D4ECEE1AB1F2C5009CAA77 /* LaunchScreen.xib in Resources */ = {isa = PBXBuildFile; fileRef = B0D4ECEC1AB1F2C5009CAA77 /* LaunchScreen.xib */; };
		B0D4ECFA1AB1F2C6009CAA77 /* getSyntaxTests.swift in Sources */ = {isa = PBXBuildFile; fileRef = B0D4ECF91AB1F2C6009CAA77 /* getSyntaxTests.swift */; };
		B0D4ED041AB1F3A5009CAA77 /* IndexTableViewController.swift in Sources */ = {isa = PBXBuildFile; fileRef = B0D4ED031AB1F3A5009CAA77 /* IndexTableViewController.swift */; };
		B0D4ED061AB1F3F4009CAA77 /* StatementsTableViewController.swift in Sources */ = {isa = PBXBuildFile; fileRef = B0D4ED051AB1F3F4009CAA77 /* StatementsTableViewController.swift */; };
/* End PBXBuildFile section */

/* Begin PBXContainerItemProxy section */
		B0D4ECF41AB1F2C6009CAA77 /* PBXContainerItemProxy */ = {
			isa = PBXContainerItemProxy;
			containerPortal = B0D4ECD61AB1F2C5009CAA77 /* Project object */;
			proxyType = 1;
			remoteGlobalIDString = B0D4ECDD1AB1F2C5009CAA77;
			remoteInfo = getSyntax;
		};
/* End PBXContainerItemProxy section */

/* Begin PBXFileReference section */
		B0442A0E1AB708B800C37129 /* Languages.swift */ = {isa = PBXFileReference; fileEncoding = 4; lastKnownFileType = sourcecode.swift; path = Languages.swift; sourceTree = "<group>"; };
		B0553D871ACC49C500A64D07 /* file-two-7.png */ = {isa = PBXFileReference; lastKnownFileType = image.png; path = "file-two-7.png"; sourceTree = "<group>"; };
		B0553D891ACC49D300A64D07 /* allLanguages.png */ = {isa = PBXFileReference; lastKnownFileType = image.png; path = allLanguages.png; sourceTree = "<group>"; };
		B0553D8B1ACC4A5600A64D07 /* Images.xcassets */ = {isa = PBXFileReference; lastKnownFileType = folder.assetcatalog; path = Images.xcassets; sourceTree = "<group>"; };
		B07972CB1AD446B0004A5E64 /* getSyntax Icon.png */ = {isa = PBXFileReference; lastKnownFileType = image.png; path = "getSyntax Icon.png"; sourceTree = "<group>"; };
		B0A21B1C1AC2EFBD0069219D /* Language.swift */ = {isa = PBXFileReference; fileEncoding = 4; lastKnownFileType = sourcecode.swift; path = Language.swift; sourceTree = "<group>"; };
		B0A21B1E1AC2F02B0069219D /* Statement.swift */ = {isa = PBXFileReference; fileEncoding = 4; lastKnownFileType = sourcecode.swift; path = Statement.swift; sourceTree = "<group>"; };
		B0D4ECDE1AB1F2C5009CAA77 /* getSyntax.app */ = {isa = PBXFileReference; explicitFileType = wrapper.application; includeInIndex = 0; path = getSyntax.app; sourceTree = BUILT_PRODUCTS_DIR; };
		B0D4ECE21AB1F2C5009CAA77 /* Info.plist */ = {isa = PBXFileReference; lastKnownFileType = text.plist.xml; path = Info.plist; sourceTree = "<group>"; };
		B0D4ECE31AB1F2C5009CAA77 /* AppDelegate.swift */ = {isa = PBXFileReference; lastKnownFileType = sourcecode.swift; path = AppDelegate.swift; sourceTree = "<group>"; };
		B0D4ECE81AB1F2C5009CAA77 /* Base */ = {isa = PBXFileReference; lastKnownFileType = file.storyboard; name = Base; path = Base.lproj/Main.storyboard; sourceTree = "<group>"; };
		B0D4ECED1AB1F2C5009CAA77 /* Base */ = {isa = PBXFileReference; lastKnownFileType = file.xib; name = Base; path = Base.lproj/LaunchScreen.xib; sourceTree = "<group>"; };
		B0D4ECF31AB1F2C6009CAA77 /* getSyntaxTests.xctest */ = {isa = PBXFileReference; explicitFileType = wrapper.cfbundle; includeInIndex = 0; path = getSyntaxTests.xctest; sourceTree = BUILT_PRODUCTS_DIR; };
		B0D4ECF81AB1F2C6009CAA77 /* Info.plist */ = {isa = PBXFileReference; lastKnownFileType = text.plist.xml; path = Info.plist; sourceTree = "<group>"; };
		B0D4ECF91AB1F2C6009CAA77 /* getSyntaxTests.swift */ = {isa = PBXFileReference; lastKnownFileType = sourcecode.swift; path = getSyntaxTests.swift; sourceTree = "<group>"; };
		B0D4ED031AB1F3A5009CAA77 /* IndexTableViewController.swift */ = {isa = PBXFileReference; fileEncoding = 4; lastKnownFileType = sourcecode.swift; path = IndexTableViewController.swift; sourceTree = "<group>"; };
		B0D4ED051AB1F3F4009CAA77 /* StatementsTableViewController.swift */ = {isa = PBXFileReference; fileEncoding = 4; lastKnownFileType = sourcecode.swift; path = StatementsTableViewController.swift; sourceTree = "<group>"; };
/* End PBXFileReference section */

/* Begin PBXFrameworksBuildPhase section */
		B0D4ECDB1AB1F2C5009CAA77 /* Frameworks */ = {
			isa = PBXFrameworksBuildPhase;
			buildActionMask = 2147483647;
			files = (
			);
			runOnlyForDeploymentPostprocessing = 0;
		};
		B0D4ECF01AB1F2C6009CAA77 /* Frameworks */ = {
			isa = PBXFrameworksBuildPhase;
			buildActionMask = 2147483647;
			files = (
			);
			runOnlyForDeploymentPostprocessing = 0;
		};
/* End PBXFrameworksBuildPhase section */

/* Begin PBXGroup section */
		B0A21B191AC2EEFB0069219D /* view */ = {
			isa = PBXGroup;
			children = (
				B0D4ECEC1AB1F2C5009CAA77 /* LaunchScreen.xib */,
				B0D4ECE71AB1F2C5009CAA77 /* Main.storyboard */,
			);
			name = view;
			sourceTree = "<group>";
		};
		B0A21B1A1AC2EF2A0069219D /* controller */ = {
			isa = PBXGroup;
			children = (
				B0D4ED031AB1F3A5009CAA77 /* IndexTableViewController.swift */,
				B0D4ED051AB1F3F4009CAA77 /* StatementsTableViewController.swift */,
			);
			name = controller;
			sourceTree = "<group>";
		};
		B0A21B1B1AC2EF640069219D /* model */ = {
			isa = PBXGroup;
			children = (
				B0442A0E1AB708B800C37129 /* Languages.swift */,
				B0A21B1C1AC2EFBD0069219D /* Language.swift */,
				B0A21B1E1AC2F02B0069219D /* Statement.swift */,
			);
			name = model;
			sourceTree = "<group>";
		};
		B0D4ECD51AB1F2C5009CAA77 = {
			isa = PBXGroup;
			children = (
				B0D4ECE01AB1F2C5009CAA77 /* getSyntax */,
				B0D4ECF61AB1F2C6009CAA77 /* getSyntaxTests */,
				B0D4ECDF1AB1F2C5009CAA77 /* Products */,
			);
			sourceTree = "<group>";
		};
		B0D4ECDF1AB1F2C5009CAA77 /* Products */ = {
			isa = PBXGroup;
			children = (
				B0D4ECDE1AB1F2C5009CAA77 /* getSyntax.app */,
				B0D4ECF31AB1F2C6009CAA77 /* getSyntaxTests.xctest */,
			);
			name = Products;
			sourceTree = "<group>";
		};
		B0D4ECE01AB1F2C5009CAA77 /* getSyntax */ = {
			isa = PBXGroup;
			children = (
				B0A21B1B1AC2EF640069219D /* model */,
				B0A21B1A1AC2EF2A0069219D /* controller */,
				B0A21B191AC2EEFB0069219D /* view */,
				B0D4ECE31AB1F2C5009CAA77 /* AppDelegate.swift */,
				B0553D8B1ACC4A5600A64D07 /* Images.xcassets */,
				B0D4ECE11AB1F2C5009CAA77 /* Supporting Files */,
			);
			path = getSyntax;
			sourceTree = "<group>";
		};
		B0D4ECE11AB1F2C5009CAA77 /* Supporting Files */ = {
			isa = PBXGroup;
			children = (
				B07972CB1AD446B0004A5E64 /* getSyntax Icon.png */,
				B0553D871ACC49C500A64D07 /* file-two-7.png */,
				B0553D891ACC49D300A64D07 /* allLanguages.png */,
				B0D4ECE21AB1F2C5009CAA77 /* Info.plist */,
			);
			name = "Supporting Files";
			sourceTree = "<group>";
		};
		B0D4ECF61AB1F2C6009CAA77 /* getSyntaxTests */ = {
			isa = PBXGroup;
			children = (
				B0D4ECF91AB1F2C6009CAA77 /* getSyntaxTests.swift */,
				B0D4ECF71AB1F2C6009CAA77 /* Supporting Files */,
			);
			path = getSyntaxTests;
			sourceTree = "<group>";
		};
		B0D4ECF71AB1F2C6009CAA77 /* Supporting Files */ = {
			isa = PBXGroup;
			children = (
				B0D4ECF81AB1F2C6009CAA77 /* Info.plist */,
			);
			name = "Supporting Files";
			sourceTree = "<group>";
		};
/* End PBXGroup section */

/* Begin PBXNativeTarget section */
		B0D4ECDD1AB1F2C5009CAA77 /* getSyntax */ = {
			isa = PBXNativeTarget;
			buildConfigurationList = B0D4ECFD1AB1F2C6009CAA77 /* Build configuration list for PBXNativeTarget "getSyntax" */;
			buildPhases = (
				B0D4ECDA1AB1F2C5009CAA77 /* Sources */,
				B0D4ECDB1AB1F2C5009CAA77 /* Frameworks */,
				B0D4ECDC1AB1F2C5009CAA77 /* Resources */,
			);
			buildRules = (
			);
			dependencies = (
			);
			name = getSyntax;
			productName = getSyntax;
			productReference = B0D4ECDE1AB1F2C5009CAA77 /* getSyntax.app */;
			productType = "com.apple.product-type.application";
		};
		B0D4ECF21AB1F2C6009CAA77 /* getSyntaxTests */ = {
			isa = PBXNativeTarget;
			buildConfigurationList = B0D4ED001AB1F2C6009CAA77 /* Build configuration list for PBXNativeTarget "getSyntaxTests" */;
			buildPhases = (
				B0D4ECEF1AB1F2C6009CAA77 /* Sources */,
				B0D4ECF01AB1F2C6009CAA77 /* Frameworks */,
				B0D4ECF11AB1F2C6009CAA77 /* Resources */,
			);
			buildRules = (
			);
			dependencies = (
				B0D4ECF51AB1F2C6009CAA77 /* PBXTargetDependency */,
			);
			name = getSyntaxTests;
			productName = getSyntaxTests;
			productReference = B0D4ECF31AB1F2C6009CAA77 /* getSyntaxTests.xctest */;
			productType = "com.apple.product-type.bundle.unit-test";
		};
/* End PBXNativeTarget section */

/* Begin PBXProject section */
		B0D4ECD61AB1F2C5009CAA77 /* Project object */ = {
			isa = PBXProject;
			attributes = {
				LastUpgradeCheck = 0610;
				ORGANIZATIONNAME = "Henrique do Prado Linhares";
				TargetAttributes = {
					B0D4ECDD1AB1F2C5009CAA77 = {
						CreatedOnToolsVersion = 6.1.1;
						DevelopmentTeam = 9M8RSS5KWQ;
					};
					B0D4ECF21AB1F2C6009CAA77 = {
						CreatedOnToolsVersion = 6.1.1;
						TestTargetID = B0D4ECDD1AB1F2C5009CAA77;
					};
				};
			};
			buildConfigurationList = B0D4ECD91AB1F2C5009CAA77 /* Build configuration list for PBXProject "getSyntax" */;
			compatibilityVersion = "Xcode 3.2";
			developmentRegion = English;
			hasScannedForEncodings = 0;
			knownRegions = (
				en,
				Base,
			);
			mainGroup = B0D4ECD51AB1F2C5009CAA77;
			productRefGroup = B0D4ECDF1AB1F2C5009CAA77 /* Products */;
			projectDirPath = "";
			projectRoot = "";
			targets = (
				B0D4ECDD1AB1F2C5009CAA77 /* getSyntax */,
				B0D4ECF21AB1F2C6009CAA77 /* getSyntaxTests */,
			);
		};
/* End PBXProject section */

/* Begin PBXResourcesBuildPhase section */
		B0D4ECDC1AB1F2C5009CAA77 /* Resources */ = {
			isa = PBXResourcesBuildPhase;
			buildActionMask = 2147483647;
			files = (
				B0553D881ACC49C500A64D07 /* file-two-7.png in Resources */,
				B07972CC1AD446B0004A5E64 /* getSyntax Icon.png in Resources */,
				B0D4ECE91AB1F2C5009CAA77 /* Main.storyboard in Resources */,
				B0553D8C1ACC4A5600A64D07 /* Images.xcassets in Resources */,
				B0D4ECEE1AB1F2C5009CAA77 /* LaunchScreen.xib in Resources */,
				B0553D8A1ACC49D300A64D07 /* allLanguages.png in Resources */,
			);
			runOnlyForDeploymentPostprocessing = 0;
		};
		B0D4ECF11AB1F2C6009CAA77 /* Resources */ = {
			isa = PBXResourcesBuildPhase;
			buildActionMask = 2147483647;
			files = (
			);
			runOnlyForDeploymentPostprocessing = 0;
		};
/* End PBXResourcesBuildPhase section */

/* Begin PBXSourcesBuildPhase section */
		B0D4ECDA1AB1F2C5009CAA77 /* Sources */ = {
			isa = PBXSourcesBuildPhase;
			buildActionMask = 2147483647;
			files = (
				B0A21B1F1AC2F02B0069219D /* Statement.swift in Sources */,
				B0D4ED061AB1F3F4009CAA77 /* StatementsTableViewController.swift in Sources */,
				B0D4ECE41AB1F2C5009CAA77 /* AppDelegate.swift in Sources */,
				B0A21B1D1AC2EFBD0069219D /* Language.swift in Sources */,
				B0D4ED041AB1F3A5009CAA77 /* IndexTableViewController.swift in Sources */,
				B0442A0F1AB708B800C37129 /* Languages.swift in Sources */,
			);
			runOnlyForDeploymentPostprocessing = 0;
		};
		B0D4ECEF1AB1F2C6009CAA77 /* Sources */ = {
			isa = PBXSourcesBuildPhase;
			buildActionMask = 2147483647;
			files = (
				B0D4ECFA1AB1F2C6009CAA77 /* getSyntaxTests.swift in Sources */,
			);
			runOnlyForDeploymentPostprocessing = 0;
		};
/* End PBXSourcesBuildPhase section */

/* Begin PBXTargetDependency section */
		B0D4ECF51AB1F2C6009CAA77 /* PBXTargetDependency */ = {
			isa = PBXTargetDependency;
			target = B0D4ECDD1AB1F2C5009CAA77 /* getSyntax */;
			targetProxy = B0D4ECF41AB1F2C6009CAA77 /* PBXContainerItemProxy */;
		};
/* End PBXTargetDependency section */

/* Begin PBXVariantGroup section */
		B0D4ECE71AB1F2C5009CAA77 /* Main.storyboard */ = {
			isa = PBXVariantGroup;
			children = (
				B0D4ECE81AB1F2C5009CAA77 /* Base */,
			);
			name = Main.storyboard;
			sourceTree = "<group>";
		};
		B0D4ECEC1AB1F2C5009CAA77 /* LaunchScreen.xib */ = {
			isa = PBXVariantGroup;
			children = (
				B0D4ECED1AB1F2C5009CAA77 /* Base */,
			);
			name = LaunchScreen.xib;
			sourceTree = "<group>";
		};
/* End PBXVariantGroup section */

/* Begin XCBuildConfiguration section */
		B0D4ECFB1AB1F2C6009CAA77 /* Debug */ = {
			isa = XCBuildConfiguration;
			buildSettings = {
				ALWAYS_SEARCH_USER_PATHS = NO;
				CLANG_CXX_LANGUAGE_STANDARD = "gnu++0x";
				CLANG_CXX_LIBRARY = "libc++";
				CLANG_ENABLE_MODULES = YES;
				CLANG_ENABLE_OBJC_ARC = YES;
				CLANG_WARN_BOOL_CONVERSION = YES;
				CLANG_WARN_CONSTANT_CONVERSION = YES;
				CLANG_WARN_DIRECT_OBJC_ISA_USAGE = YES_ERROR;
				CLANG_WARN_EMPTY_BODY = YES;
				CLANG_WARN_ENUM_CONVERSION = YES;
				CLANG_WARN_INT_CONVERSION = YES;
				CLANG_WARN_OBJC_ROOT_CLASS = YES_ERROR;
				CLANG_WARN_UNREACHABLE_CODE = YES;
				CLANG_WARN__DUPLICATE_METHOD_MATCH = YES;
				"CODE_SIGN_IDENTITY[sdk=iphoneos*]" = "iPhone Developer";
				COPY_PHASE_STRIP = NO;
				ENABLE_STRICT_OBJC_MSGSEND = YES;
				GCC_C_LANGUAGE_STANDARD = gnu99;
				GCC_DYNAMIC_NO_PIC = NO;
				GCC_OPTIMIZATION_LEVEL = 0;
				GCC_PREPROCESSOR_DEFINITIONS = (
					"DEBUG=1",
					"$(inherited)",
				);
				GCC_SYMBOLS_PRIVATE_EXTERN = NO;
				GCC_WARN_64_TO_32_BIT_CONVERSION = YES;
				GCC_WARN_ABOUT_RETURN_TYPE = YES_ERROR;
				GCC_WARN_UNDECLARED_SELECTOR = YES;
				GCC_WARN_UNINITIALIZED_AUTOS = YES_AGGRESSIVE;
				GCC_WARN_UNUSED_FUNCTION = YES;
				GCC_WARN_UNUSED_VARIABLE = YES;
				IPHONEOS_DEPLOYMENT_TARGET = 8.1;
				MTL_ENABLE_DEBUG_INFO = YES;
				ONLY_ACTIVE_ARCH = YES;
				SDKROOT = iphoneos;
				SWIFT_OPTIMIZATION_LEVEL = "-Onone";
				TARGETED_DEVICE_FAMILY = "1,2";
			};
			name = Debug;
		};
		B0D4ECFC1AB1F2C6009CAA77 /* Release */ = {
			isa = XCBuildConfiguration;
			buildSettings = {
				ALWAYS_SEARCH_USER_PATHS = NO;
				CLANG_CXX_LANGUAGE_STANDARD = "gnu++0x";
				CLANG_CXX_LIBRARY = "libc++";
				CLANG_ENABLE_MODULES = YES;
				CLANG_ENABLE_OBJC_ARC = YES;
				CLANG_WARN_BOOL_CONVERSION = YES;
				CLANG_WARN_CONSTANT_CONVERSION = YES;
				CLANG_WARN_DIRECT_OBJC_ISA_USAGE = YES_ERROR;
				CLANG_WARN_EMPTY_BODY = YES;
				CLANG_WARN_ENUM_CONVERSION = YES;
				CLANG_WARN_INT_CONVERSION = YES;
				CLANG_WARN_OBJC_ROOT_CLASS = YES_ERROR;
				CLANG_WARN_UNREACHABLE_CODE = YES;
				CLANG_WARN__DUPLICATE_METHOD_MATCH = YES;
				"CODE_SIGN_IDENTITY[sdk=iphoneos*]" = "iPhone Developer";
				COPY_PHASE_STRIP = YES;
				ENABLE_NS_ASSERTIONS = NO;
				ENABLE_STRICT_OBJC_MSGSEND = YES;
				GCC_C_LANGUAGE_STANDARD = gnu99;
				GCC_WARN_64_TO_32_BIT_CONVERSION = YES;
				GCC_WARN_ABOUT_RETURN_TYPE = YES_ERROR;
				GCC_WARN_UNDECLARED_SELECTOR = YES;
				GCC_WARN_UNINITIALIZED_AUTOS = YES_AGGRESSIVE;
				GCC_WARN_UNUSED_FUNCTION = YES;
				GCC_WARN_UNUSED_VARIABLE = YES;
				IPHONEOS_DEPLOYMENT_TARGET = 8.1;
				MTL_ENABLE_DEBUG_INFO = NO;
				SDKROOT = iphoneos;
				TARGETED_DEVICE_FAMILY = "1,2";
				VALIDATE_PRODUCT = YES;
			};
			name = Release;
		};
		B0D4ECFE1AB1F2C6009CAA77 /* Debug */ = {
			isa = XCBuildConfiguration;
			buildSettings = {
				ASSETCATALOG_COMPILER_APPICON_NAME = AppIcon;
				CODE_SIGN_IDENTITY = "iPhone Developer";
				"CODE_SIGN_IDENTITY[sdk=iphoneos*]" = "iPhone Developer";
				INFOPLIST_FILE = getSyntax/Info.plist;
				LD_RUNPATH_SEARCH_PATHS = "$(inherited) @executable_path/Frameworks";
				PRODUCT_NAME = "$(TARGET_NAME)";
				PROVISIONING_PROFILE = "";
				TARGETED_DEVICE_FAMILY = 1;
			};
			name = Debug;
		};
		B0D4ECFF1AB1F2C6009CAA77 /* Release */ = {
			isa = XCBuildConfiguration;
			buildSettings = {
				ASSETCATALOG_COMPILER_APPICON_NAME = AppIcon;
				CODE_SIGN_IDENTITY = "iPhone Developer";
				"CODE_SIGN_IDENTITY[sdk=iphoneos*]" = "iPhone Developer";
				INFOPLIST_FILE = getSyntax/Info.plist;
				LD_RUNPATH_SEARCH_PATHS = "$(inherited) @executable_path/Frameworks";
				PRODUCT_NAME = "$(TARGET_NAME)";
				PROVISIONING_PROFILE = "";
				TARGETED_DEVICE_FAMILY = 1;
			};
			name = Release;
		};
		B0D4ED011AB1F2C6009CAA77 /* Debug */ = {
			isa = XCBuildConfiguration;
			buildSettings = {
				BUNDLE_LOADER = "$(TEST_HOST)";
				FRAMEWORK_SEARCH_PATHS = (
					"$(SDKROOT)/Developer/Library/Frameworks",
					"$(inherited)",
				);
				GCC_PREPROCESSOR_DEFINITIONS = (
					"DEBUG=1",
					"$(inherited)",
				);
				INFOPLIST_FILE = getSyntaxTests/Info.plist;
				LD_RUNPATH_SEARCH_PATHS = "$(inherited) @executable_path/Frameworks @loader_path/Frameworks";
				PRODUCT_NAME = "$(TARGET_NAME)";
				TEST_HOST = "$(BUILT_PRODUCTS_DIR)/getSyntax.app/getSyntax";
			};
			name = Debug;
		};
		B0D4ED021AB1F2C6009CAA77 /* Release */ = {
			isa = XCBuildConfiguration;
			buildSettings = {
				BUNDLE_LOADER = "$(TEST_HOST)";
				FRAMEWORK_SEARCH_PATHS = (
					"$(SDKROOT)/Developer/Library/Frameworks",
					"$(inherited)",
				);
				INFOPLIST_FILE = getSyntaxTests/Info.plist;
				LD_RUNPATH_SEARCH_PATHS = "$(inherited) @executable_path/Frameworks @loader_path/Frameworks";
				PRODUCT_NAME = "$(TARGET_NAME)";
				TEST_HOST = "$(BUILT_PRODUCTS_DIR)/getSyntax.app/getSyntax";
			};
			name = Release;
		};
/* End XCBuildConfiguration section */

/* Begin XCConfigurationList section */
		B0D4ECD91AB1F2C5009CAA77 /* Build configuration list for PBXProject "getSyntax" */ = {
			isa = XCConfigurationList;
			buildConfigurations = (
				B0D4ECFB1AB1F2C6009CAA77 /* Debug */,
				B0D4ECFC1AB1F2C6009CAA77 /* Release */,
			);
			defaultConfigurationIsVisible = 0;
			defaultConfigurationName = Release;
		};
		B0D4ECFD1AB1F2C6009CAA77 /* Build configuration list for PBXNativeTarget "getSyntax" */ = {
			isa = XCConfigurationList;
			buildConfigurations = (
				B0D4ECFE1AB1F2C6009CAA77 /* Debug */,
				B0D4ECFF1AB1F2C6009CAA77 /* Release */,
			);
			defaultConfigurationIsVisible = 0;
			defaultConfigurationName = Release;
		};
		B0D4ED001AB1F2C6009CAA77 /* Build configuration list for PBXNativeTarget "getSyntaxTests" */ = {
			isa = XCConfigurationList;
			buildConfigurations = (
				B0D4ED011AB1F2C6009CAA77 /* Debug */,
				B0D4ED021AB1F2C6009CAA77 /* Release */,
			);
			defaultConfigurationIsVisible = 0;
			defaultConfigurationName = Release;
		};
/* End XCConfigurationList section */
	};
	rootObject = B0D4ECD61AB1F2C5009CAA77 /* Project object */;
}
